
Microsoft Visual Studio Solution File, Format Version 12.00
# Visual Studio Version 16
VisualStudioVersion = 16.0.30717.126
MinimumVisualStudioVersion = 10.0.40219.1
Project("{9A19103F-16F7-4668-BE54-9A1E7A4F7556}") = "SAP.Core", "SAP BusinessLogic\SAP.Core.csproj", "{9D0342C9-17A7-4B51-9C7A-82D7C8D0CC80}"
EndProject
Project("{9A19103F-16F7-4668-BE54-9A1E7A4F7556}") = "SAP.API", "SAP.API\SAP.API.csproj", "{8CB472CE-8CDD-4481-B859-C37FBD1CA79F}"
EndProject
Project("{9A19103F-16F7-4668-BE54-9A1E7A4F7556}") = "SAP.Domain", "SAP.Core\SAP.Domain.csproj", "{4694606C-CE21-492B-A803-14E728ECBF6A}"
EndProject
Global
	GlobalSection(SolutionConfigurationPlatforms) = preSolution
		Debug|Any CPU = Debug|Any CPU
		Release|Any CPU = Release|Any CPU
	EndGlobalSection
	GlobalSection(ProjectConfigurationPlatforms) = postSolution
		{9D0342C9-17A7-4B51-9C7A-82D7C8D0CC80}.Debug|Any CPU.ActiveCfg = Debug|Any CPU
		{9D0342C9-17A7-4B51-9C7A-82D7C8D0CC80}.Debug|Any CPU.Build.0 = Debug|Any CPU
		{9D0342C9-17A7-4B51-9C7A-82D7C8D0CC80}.Release|Any CPU.ActiveCfg = Release|Any CPU
		{9D0342C9-17A7-4B51-9C7A-82D7C8D0CC80}.Release|Any CPU.Build.0 = Release|Any CPU
		{8CB472CE-8CDD-4481-B859-C37FBD1CA79F}.Debug|Any CPU.ActiveCfg = Debug|Any CPU
		{8CB472CE-8CDD-4481-B859-C37FBD1CA79F}.Debug|Any CPU.Build.0 = Debug|Any CPU
		{8CB472CE-8CDD-4481-B859-C37FBD1CA79F}.Release|Any CPU.ActiveCfg = Release|Any CPU
		{8CB472CE-8CDD-4481-B859-C37FBD1CA79F}.Release|Any CPU.Build.0 = Release|Any CPU
		{4694606C-CE21-492B-A803-14E728ECBF6A}.Debug|Any CPU.ActiveCfg = Debug|Any CPU
		{4694606C-CE21-492B-A803-14E728ECBF6A}.Debug|Any CPU.Build.0 = Debug|Any CPU
		{4694606C-CE21-492B-A803-14E728ECBF6A}.Release|Any CPU.ActiveCfg = Release|Any CPU
		{4694606C-CE21-492B-A803-14E728ECBF6A}.Release|Any CPU.Build.0 = Release|Any CPU
	EndGlobalSection
	GlobalSection(SolutionProperties) = preSolution
		HideSolutionNode = FALSE
	EndGlobalSection
	GlobalSection(ExtensibilityGlobals) = postSolution
		SolutionGuid = {B1EB95B1-17F7-42E3-9DFB-667B1F49BBD5}
	EndGlobalSection
EndGlobal
